
Microsoft Visual Studio Solution File, Format Version 12.00
# Visual Studio 15
VisualStudioVersion = 15.0.27004.2002
MinimumVisualStudioVersion = 10.0.40219.1
Project("{D954291E-2A0B-460D-934E-DC6B0785DB48}") = "App1", "App1\App1\App1.shproj", "{DF1DFF1E-47F2-4328-89A2-2746BDAB0A7F}"
EndProject
Project("{FAE04EC0-301F-11D3-BF4B-00C04F79EFBC}") = "App1.Android", "App1\App1.Android\App1.Android.csproj", "{802D615A-25F1-40B1-9AF1-CDBD6D60DEF5}"
EndProject
Project("{FAE04EC0-301F-11D3-BF4B-00C04F79EFBC}") = "App1.iOS", "App1\App1.iOS\App1.iOS.csproj", "{9177C58A-3A4A-408E-81AD-101BB327647D}"
EndProject
Project("{FAE04EC0-301F-11D3-BF4B-00C04F79EFBC}") = "App1.UWP", "App1\App1.UWP\App1.UWP.csproj", "{A0B807D9-FC80-4B92-91E6-891DB63FFFD0}"
EndProject
Project("{FAE04EC0-301F-11D3-BF4B-00C04F79EFBC}") = "SharedLibrary", "SharedLibrary\SharedLibrary.csproj", "{D4D74C91-A451-4393-828A-A78F675B4AD8}"
EndProject
Global
	GlobalSection(SharedMSBuildProjectFiles) = preSolution
		App1\App1\App1.projitems*{802d615a-25f1-40b1-9af1-cdbd6d60def5}*SharedItemsImports = 4
		App1\App1\App1.projitems*{9177c58a-3a4a-408e-81ad-101bb327647d}*SharedItemsImports = 4
		App1\App1\App1.projitems*{df1dff1e-47f2-4328-89a2-2746bdab0a7f}*SharedItemsImports = 13
	EndGlobalSection
	GlobalSection(SolutionConfigurationPlatforms) = preSolution
		Ad-Hoc|Any CPU = Ad-Hoc|Any CPU
		Ad-Hoc|ARM = Ad-Hoc|ARM
		Ad-Hoc|iPhone = Ad-Hoc|iPhone
		Ad-Hoc|iPhoneSimulator = Ad-Hoc|iPhoneSimulator
		Ad-Hoc|x64 = Ad-Hoc|x64
		Ad-Hoc|x86 = Ad-Hoc|x86
		AppStore|Any CPU = AppStore|Any CPU
		AppStore|ARM = AppStore|ARM
		AppStore|iPhone = AppStore|iPhone
		AppStore|iPhoneSimulator = AppStore|iPhoneSimulator
		AppStore|x64 = AppStore|x64
		AppStore|x86 = AppStore|x86
		Debug|Any CPU = Debug|Any CPU
		Debug|ARM = Debug|ARM
		Debug|iPhone = Debug|iPhone
		Debug|iPhoneSimulator = Debug|iPhoneSimulator
		Debug|x64 = Debug|x64
		Debug|x86 = Debug|x86
		Release|Any CPU = Release|Any CPU
		Release|ARM = Release|ARM
		Release|iPhone = Release|iPhone
		Release|iPhoneSimulator = Release|iPhoneSimulator
		Release|x64 = Release|x64
		Release|x86 = Release|x86
	EndGlobalSection
	GlobalSection(ProjectConfigurationPlatforms) = postSolution
		{802D615A-25F1-40B1-9AF1-CDBD6D60DEF5}.Ad-Hoc|Any CPU.ActiveCfg = Release|Any CPU
		{802D615A-25F1-40B1-9AF1-CDBD6D60DEF5}.Ad-Hoc|Any CPU.Build.0 = Release|Any CPU
		{802D615A-25F1-40B1-9AF1-CDBD6D60DEF5}.Ad-Hoc|Any CPU.Deploy.0 = Release|Any CPU
		{802D615A-25F1-40B1-9AF1-CDBD6D60DEF5}.Ad-Hoc|ARM.ActiveCfg = Release|Any CPU
		{802D615A-25F1-40B1-9AF1-CDBD6D60DEF5}.Ad-Hoc|ARM.Build.0 = Release|Any CPU
		{802D615A-25F1-40B1-9AF1-CDBD6D60DEF5}.Ad-Hoc|ARM.Deploy.0 = Release|Any CPU
		{802D615A-25F1-40B1-9AF1-CDBD6D60DEF5}.Ad-Hoc|iPhone.ActiveCfg = Release|Any CPU
		{802D615A-25F1-40B1-9AF1-CDBD6D60DEF5}.Ad-Hoc|iPhone.Build.0 = Release|Any CPU
		{802D615A-25F1-40B1-9AF1-CDBD6D60DEF5}.Ad-Hoc|iPhone.Deploy.0 = Release|Any CPU
		{802D615A-25F1-40B1-9AF1-CDBD6D60DEF5}.Ad-Hoc|iPhoneSimulator.ActiveCfg = Release|Any CPU
		{802D615A-25F1-40B1-9AF1-CDBD6D60DEF5}.Ad-Hoc|iPhoneSimulator.Build.0 = Release|Any CPU
		{802D615A-25F1-40B1-9AF1-CDBD6D60DEF5}.Ad-Hoc|iPhoneSimulator.Deploy.0 = Release|Any CPU
		{802D615A-25F1-40B1-9AF1-CDBD6D60DEF5}.Ad-Hoc|x64.ActiveCfg = Release|Any CPU
		{802D615A-25F1-40B1-9AF1-CDBD6D60DEF5}.Ad-Hoc|x64.Build.0 = Release|Any CPU
		{802D615A-25F1-40B1-9AF1-CDBD6D60DEF5}.Ad-Hoc|x64.Deploy.0 = Release|Any CPU
		{802D615A-25F1-40B1-9AF1-CDBD6D60DEF5}.Ad-Hoc|x86.ActiveCfg = Release|Any CPU
		{802D615A-25F1-40B1-9AF1-CDBD6D60DEF5}.Ad-Hoc|x86.Build.0 = Release|Any CPU
		{802D615A-25F1-40B1-9AF1-CDBD6D60DEF5}.Ad-Hoc|x86.Deploy.0 = Release|Any CPU
		{802D615A-25F1-40B1-9AF1-CDBD6D60DEF5}.AppStore|Any CPU.ActiveCfg = Release|Any CPU
		{802D615A-25F1-40B1-9AF1-CDBD6D60DEF5}.AppStore|Any CPU.Build.0 = Release|Any CPU
		{802D615A-25F1-40B1-9AF1-CDBD6D60DEF5}.AppStore|Any CPU.Deploy.0 = Release|Any CPU
		{802D615A-25F1-40B1-9AF1-CDBD6D60DEF5}.AppStore|ARM.ActiveCfg = Release|Any CPU
		{802D615A-25F1-40B1-9AF1-CDBD6D60DEF5}.AppStore|ARM.Build.0 = Release|Any CPU
		{802D615A-25F1-40B1-9AF1-CDBD6D60DEF5}.AppStore|ARM.Deploy.0 = Release|Any CPU
		{802D615A-25F1-40B1-9AF1-CDBD6D60DEF5}.AppStore|iPhone.ActiveCfg = Release|Any CPU
		{802D615A-25F1-40B1-9AF1-CDBD6D60DEF5}.AppStore|iPhone.Build.0 = Release|Any CPU
		{802D615A-25F1-40B1-9AF1-CDBD6D60DEF5}.AppStore|iPhone.Deploy.0 = Release|Any CPU
		{802D615A-25F1-40B1-9AF1-CDBD6D60DEF5}.AppStore|iPhoneSimulator.ActiveCfg = Release|Any CPU
		{802D615A-25F1-40B1-9AF1-CDBD6D60DEF5}.AppStore|iPhoneSimulator.Build.0 = Release|Any CPU
		{802D615A-25F1-40B1-9AF1-CDBD6D60DEF5}.AppStore|iPhoneSimulator.Deploy.0 = Release|Any CPU
		{802D615A-25F1-40B1-9AF1-CDBD6D60DEF5}.AppStore|x64.ActiveCfg = Release|Any CPU
		{802D615A-25F1-40B1-9AF1-CDBD6D60DEF5}.AppStore|x64.Build.0 = Release|Any CPU
		{802D615A-25F1-40B1-9AF1-CDBD6D60DEF5}.AppStore|x64.Deploy.0 = Release|Any CPU
		{802D615A-25F1-40B1-9AF1-CDBD6D60DEF5}.AppStore|x86.ActiveCfg = Release|Any CPU
		{802D615A-25F1-40B1-9AF1-CDBD6D60DEF5}.AppStore|x86.Build.0 = Release|Any CPU
		{802D615A-25F1-40B1-9AF1-CDBD6D60DEF5}.AppStore|x86.Deploy.0 = Release|Any CPU
		{802D615A-25F1-40B1-9AF1-CDBD6D60DEF5}.Debug|Any CPU.ActiveCfg = Debug|Any CPU
		{802D615A-25F1-40B1-9AF1-CDBD6D60DEF5}.Debug|Any CPU.Build.0 = Debug|Any CPU
		{802D615A-25F1-40B1-9AF1-CDBD6D60DEF5}.Debug|Any CPU.Deploy.0 = Debug|Any CPU
		{802D615A-25F1-40B1-9AF1-CDBD6D60DEF5}.Debug|ARM.ActiveCfg = Debug|Any CPU
		{802D615A-25F1-40B1-9AF1-CDBD6D60DEF5}.Debug|ARM.Build.0 = Debug|Any CPU
		{802D615A-25F1-40B1-9AF1-CDBD6D60DEF5}.Debug|ARM.Deploy.0 = Debug|Any CPU
		{802D615A-25F1-40B1-9AF1-CDBD6D60DEF5}.Debug|iPhone.ActiveCfg = Debug|Any CPU
		{802D615A-25F1-40B1-9AF1-CDBD6D60DEF5}.Debug|iPhone.Build.0 = Debug|Any CPU
		{802D615A-25F1-40B1-9AF1-CDBD6D60DEF5}.Debug|iPhone.Deploy.0 = Debug|Any CPU
		{802D615A-25F1-40B1-9AF1-CDBD6D60DEF5}.Debug|iPhoneSimulator.ActiveCfg = Debug|Any CPU
		{802D615A-25F1-40B1-9AF1-CDBD6D60DEF5}.Debug|iPhoneSimulator.Build.0 = Debug|Any CPU
		{802D615A-25F1-40B1-9AF1-CDBD6D60DEF5}.Debug|iPhoneSimulator.Deploy.0 = Debug|Any CPU
		{802D615A-25F1-40B1-9AF1-CDBD6D60DEF5}.Debug|x64.ActiveCfg = Debug|Any CPU
		{802D615A-25F1-40B1-9AF1-CDBD6D60DEF5}.Debug|x64.Build.0 = Debug|Any CPU
		{802D615A-25F1-40B1-9AF1-CDBD6D60DEF5}.Debug|x64.Deploy.0 = Debug|Any CPU
		{802D615A-25F1-40B1-9AF1-CDBD6D60DEF5}.Debug|x86.ActiveCfg = Debug|Any CPU
		{802D615A-25F1-40B1-9AF1-CDBD6D60DEF5}.Debug|x86.Build.0 = Debug|Any CPU
		{802D615A-25F1-40B1-9AF1-CDBD6D60DEF5}.Debug|x86.Deploy.0 = Debug|Any CPU
		{802D615A-25F1-40B1-9AF1-CDBD6D60DEF5}.Release|Any CPU.ActiveCfg = Release|Any CPU
		{802D615A-25F1-40B1-9AF1-CDBD6D60DEF5}.Release|Any CPU.Build.0 = Release|Any CPU
		{802D615A-25F1-40B1-9AF1-CDBD6D60DEF5}.Release|Any CPU.Deploy.0 = Release|Any CPU
		{802D615A-25F1-40B1-9AF1-CDBD6D60DEF5}.Release|ARM.ActiveCfg = Release|Any CPU
		{802D615A-25F1-40B1-9AF1-CDBD6D60DEF5}.Release|ARM.Build.0 = Release|Any CPU
		{802D615A-25F1-40B1-9AF1-CDBD6D60DEF5}.Release|ARM.Deploy.0 = Release|Any CPU
		{802D615A-25F1-40B1-9AF1-CDBD6D60DEF5}.Release|iPhone.ActiveCfg = Release|Any CPU
		{802D615A-25F1-40B1-9AF1-CDBD6D60DEF5}.Release|iPhone.Build.0 = Release|Any CPU
		{802D615A-25F1-40B1-9AF1-CDBD6D60DEF5}.Release|iPhone.Deploy.0 = Release|Any CPU
		{802D615A-25F1-40B1-9AF1-CDBD6D60DEF5}.Release|iPhoneSimulator.ActiveCfg = Release|Any CPU
		{802D615A-25F1-40B1-9AF1-CDBD6D60DEF5}.Release|iPhoneSimulator.Build.0 = Release|Any CPU
		{802D615A-25F1-40B1-9AF1-CDBD6D60DEF5}.Release|iPhoneSimulator.Deploy.0 = Release|Any CPU
		{802D615A-25F1-40B1-9AF1-CDBD6D60DEF5}.Release|x64.ActiveCfg = Release|Any CPU
		{802D615A-25F1-40B1-9AF1-CDBD6D60DEF5}.Release|x64.Build.0 = Release|Any CPU
		{802D615A-25F1-40B1-9AF1-CDBD6D60DEF5}.Release|x64.Deploy.0 = Release|Any CPU
		{802D615A-25F1-40B1-9AF1-CDBD6D60DEF5}.Release|x86.ActiveCfg = Release|Any CPU
		{802D615A-25F1-40B1-9AF1-CDBD6D60DEF5}.Release|x86.Build.0 = Release|Any CPU
		{802D615A-25F1-40B1-9AF1-CDBD6D60DEF5}.Release|x86.Deploy.0 = Release|Any CPU
		{9177C58A-3A4A-408E-81AD-101BB327647D}.Ad-Hoc|Any CPU.ActiveCfg = Ad-Hoc|iPhoneSimulator
		{9177C58A-3A4A-408E-81AD-101BB327647D}.Ad-Hoc|ARM.ActiveCfg = Ad-Hoc|iPhone
		{9177C58A-3A4A-408E-81AD-101BB327647D}.Ad-Hoc|iPhone.ActiveCfg = Ad-Hoc|iPhone
		{9177C58A-3A4A-408E-81AD-101BB327647D}.Ad-Hoc|iPhone.Build.0 = Ad-Hoc|iPhone
		{9177C58A-3A4A-408E-81AD-101BB327647D}.Ad-Hoc|iPhoneSimulator.ActiveCfg = Ad-Hoc|iPhoneSimulator
		{9177C58A-3A4A-408E-81AD-101BB327647D}.Ad-Hoc|iPhoneSimulator.Build.0 = Ad-Hoc|iPhoneSimulator
		{9177C58A-3A4A-408E-81AD-101BB327647D}.Ad-Hoc|x64.ActiveCfg = Ad-Hoc|iPhone
		{9177C58A-3A4A-408E-81AD-101BB327647D}.Ad-Hoc|x86.ActiveCfg = Ad-Hoc|iPhone
		{9177C58A-3A4A-408E-81AD-101BB327647D}.AppStore|Any CPU.ActiveCfg = AppStore|iPhoneSimulator
		{9177C58A-3A4A-408E-81AD-101BB327647D}.AppStore|ARM.ActiveCfg = AppStore|iPhone
		{9177C58A-3A4A-408E-81AD-101BB327647D}.AppStore|iPhone.ActiveCfg = AppStore|iPhone
		{9177C58A-3A4A-408E-81AD-101BB327647D}.AppStore|iPhone.Build.0 = AppStore|iPhone
		{9177C58A-3A4A-408E-81AD-101BB327647D}.AppStore|iPhoneSimulator.ActiveCfg = AppStore|iPhoneSimulator
		{9177C58A-3A4A-408E-81AD-101BB327647D}.AppStore|iPhoneSimulator.Build.0 = AppStore|iPhoneSimulator
		{9177C58A-3A4A-408E-81AD-101BB327647D}.AppStore|x64.ActiveCfg = AppStore|iPhone
		{9177C58A-3A4A-408E-81AD-101BB327647D}.AppStore|x86.ActiveCfg = AppStore|iPhone
		{9177C58A-3A4A-408E-81AD-101BB327647D}.Debug|Any CPU.ActiveCfg = Debug|iPhoneSimulator
		{9177C58A-3A4A-408E-81AD-101BB327647D}.Debug|ARM.ActiveCfg = Debug|iPhone
		{9177C58A-3A4A-408E-81AD-101BB327647D}.Debug|iPhone.ActiveCfg = Debug|iPhone
		{9177C58A-3A4A-408E-81AD-101BB327647D}.Debug|iPhone.Build.0 = Debug|iPhone
		{9177C58A-3A4A-408E-81AD-101BB327647D}.Debug|iPhoneSimulator.ActiveCfg = Debug|iPhoneSimulator
		{9177C58A-3A4A-408E-81AD-101BB327647D}.Debug|iPhoneSimulator.Build.0 = Debug|iPhoneSimulator
		{9177C58A-3A4A-408E-81AD-101BB327647D}.Debug|x64.ActiveCfg = Debug|iPhone
		{9177C58A-3A4A-408E-81AD-101BB327647D}.Debug|x86.ActiveCfg = Debug|iPhone
		{9177C58A-3A4A-408E-81AD-101BB327647D}.Release|Any CPU.ActiveCfg = Release|iPhoneSimulator
		{9177C58A-3A4A-408E-81AD-101BB327647D}.Release|ARM.ActiveCfg = Release|iPhone
		{9177C58A-3A4A-408E-81AD-101BB327647D}.Release|iPhone.ActiveCfg = Release|iPhone
		{9177C58A-3A4A-408E-81AD-101BB327647D}.Release|iPhone.Build.0 = Release|iPhone
		{9177C58A-3A4A-408E-81AD-101BB327647D}.Release|iPhoneSimulator.ActiveCfg = Release|iPhoneSimulator
		{9177C58A-3A4A-408E-81AD-101BB327647D}.Release|iPhoneSimulator.Build.0 = Release|iPhoneSimulator
		{9177C58A-3A4A-408E-81AD-101BB327647D}.Release|x64.ActiveCfg = Release|iPhone
		{9177C58A-3A4A-408E-81AD-101BB327647D}.Release|x86.ActiveCfg = Release|iPhone
		{A0B807D9-FC80-4B92-91E6-891DB63FFFD0}.Ad-Hoc|Any CPU.ActiveCfg = Release|x86
		{A0B807D9-FC80-4B92-91E6-891DB63FFFD0}.Ad-Hoc|Any CPU.Build.0 = Release|x86
		{A0B807D9-FC80-4B92-91E6-891DB63FFFD0}.Ad-Hoc|Any CPU.Deploy.0 = Release|x86
		{A0B807D9-FC80-4B92-91E6-891DB63FFFD0}.Ad-Hoc|ARM.ActiveCfg = Release|ARM
		{A0B807D9-FC80-4B92-91E6-891DB63FFFD0}.Ad-Hoc|ARM.Build.0 = Release|ARM
		{A0B807D9-FC80-4B92-91E6-891DB63FFFD0}.Ad-Hoc|ARM.Deploy.0 = Release|ARM
		{A0B807D9-FC80-4B92-91E6-891DB63FFFD0}.Ad-Hoc|iPhone.ActiveCfg = Release|x86
		{A0B807D9-FC80-4B92-91E6-891DB63FFFD0}.Ad-Hoc|iPhone.Build.0 = Release|x86
		{A0B807D9-FC80-4B92-91E6-891DB63FFFD0}.Ad-Hoc|iPhone.Deploy.0 = Release|x86
		{A0B807D9-FC80-4B92-91E6-891DB63FFFD0}.Ad-Hoc|iPhoneSimulator.ActiveCfg = Release|x86
		{A0B807D9-FC80-4B92-91E6-891DB63FFFD0}.Ad-Hoc|iPhoneSimulator.Build.0 = Release|x86
		{A0B807D9-FC80-4B92-91E6-891DB63FFFD0}.Ad-Hoc|iPhoneSimulator.Deploy.0 = Release|x86
		{A0B807D9-FC80-4B92-91E6-891DB63FFFD0}.Ad-Hoc|x64.ActiveCfg = Release|x64
		{A0B807D9-FC80-4B92-91E6-891DB63FFFD0}.Ad-Hoc|x64.Build.0 = Release|x64
		{A0B807D9-FC80-4B92-91E6-891DB63FFFD0}.Ad-Hoc|x64.Deploy.0 = Release|x64
		{A0B807D9-FC80-4B92-91E6-891DB63FFFD0}.Ad-Hoc|x86.ActiveCfg = Release|x86
		{A0B807D9-FC80-4B92-91E6-891DB63FFFD0}.Ad-Hoc|x86.Build.0 = Release|x86
		{A0B807D9-FC80-4B92-91E6-891DB63FFFD0}.Ad-Hoc|x86.Deploy.0 = Release|x86
		{A0B807D9-FC80-4B92-91E6-891DB63FFFD0}.AppStore|Any CPU.ActiveCfg = Release|x86
		{A0B807D9-FC80-4B92-91E6-891DB63FFFD0}.AppStore|Any CPU.Build.0 = Release|x86
		{A0B807D9-FC80-4B92-91E6-891DB63FFFD0}.AppStore|Any CPU.Deploy.0 = Release|x86
		{A0B807D9-FC80-4B92-91E6-891DB63FFFD0}.AppStore|ARM.ActiveCfg = Release|ARM
		{A0B807D9-FC80-4B92-91E6-891DB63FFFD0}.AppStore|ARM.Build.0 = Release|ARM
		{A0B807D9-FC80-4B92-91E6-891DB63FFFD0}.AppStore|ARM.Deploy.0 = Release|ARM
		{A0B807D9-FC80-4B92-91E6-891DB63FFFD0}.AppStore|iPhone.ActiveCfg = Release|x86
		{A0B807D9-FC80-4B92-91E6-891DB63FFFD0}.AppStore|iPhone.Build.0 = Release|x86
		{A0B807D9-FC80-4B92-91E6-891DB63FFFD0}.AppStore|iPhone.Deploy.0 = Release|x86
		{A0B807D9-FC80-4B92-91E6-891DB63FFFD0}.AppStore|iPhoneSimulator.ActiveCfg = Release|x86
		{A0B807D9-FC80-4B92-91E6-891DB63FFFD0}.AppStore|iPhoneSimulator.Build.0 = Release|x86
		{A0B807D9-FC80-4B92-91E6-891DB63FFFD0}.AppStore|iPhoneSimulator.Deploy.0 = Release|x86
		{A0B807D9-FC80-4B92-91E6-891DB63FFFD0}.AppStore|x64.ActiveCfg = Release|x64
		{A0B807D9-FC80-4B92-91E6-891DB63FFFD0}.AppStore|x64.Build.0 = Release|x64
		{A0B807D9-FC80-4B92-91E6-891DB63FFFD0}.AppStore|x64.Deploy.0 = Release|x64
		{A0B807D9-FC80-4B92-91E6-891DB63FFFD0}.AppStore|x86.ActiveCfg = Release|x86
		{A0B807D9-FC80-4B92-91E6-891DB63FFFD0}.AppStore|x86.Build.0 = Release|x86
		{A0B807D9-FC80-4B92-91E6-891DB63FFFD0}.AppStore|x86.Deploy.0 = Release|x86
		{A0B807D9-FC80-4B92-91E6-891DB63FFFD0}.Debug|Any CPU.ActiveCfg = Debug|x86
		{A0B807D9-FC80-4B92-91E6-891DB63FFFD0}.Debug|ARM.ActiveCfg = Debug|ARM
		{A0B807D9-FC80-4B92-91E6-891DB63FFFD0}.Debug|ARM.Build.0 = Debug|ARM
		{A0B807D9-FC80-4B92-91E6-891DB63FFFD0}.Debug|ARM.Deploy.0 = Debug|ARM
		{A0B807D9-FC80-4B92-91E6-891DB63FFFD0}.Debug|iPhone.ActiveCfg = Debug|x86
		{A0B807D9-FC80-4B92-91E6-891DB63FFFD0}.Debug|iPhoneSimulator.ActiveCfg = Debug|x86
		{A0B807D9-FC80-4B92-91E6-891DB63FFFD0}.Debug|x64.ActiveCfg = Debug|x64
		{A0B807D9-FC80-4B92-91E6-891DB63FFFD0}.Debug|x64.Build.0 = Debug|x64
		{A0B807D9-FC80-4B92-91E6-891DB63FFFD0}.Debug|x64.Deploy.0 = Debug|x64
		{A0B807D9-FC80-4B92-91E6-891DB63FFFD0}.Debug|x86.ActiveCfg = Debug|x86
		{A0B807D9-FC80-4B92-91E6-891DB63FFFD0}.Debug|x86.Build.0 = Debug|x86
		{A0B807D9-FC80-4B92-91E6-891DB63FFFD0}.Debug|x86.Deploy.0 = Debug|x86
		{A0B807D9-FC80-4B92-91E6-891DB63FFFD0}.Release|Any CPU.ActiveCfg = Release|x86
		{A0B807D9-FC80-4B92-91E6-891DB63FFFD0}.Release|ARM.ActiveCfg = Release|ARM
		{A0B807D9-FC80-4B92-91E6-891DB63FFFD0}.Release|ARM.Build.0 = Release|ARM
		{A0B807D9-FC80-4B92-91E6-891DB63FFFD0}.Release|ARM.Deploy.0 = Release|ARM
		{A0B807D9-FC80-4B92-91E6-891DB63FFFD0}.Release|iPhone.ActiveCfg = Release|x86
		{A0B807D9-FC80-4B92-91E6-891DB63FFFD0}.Release|iPhoneSimulator.ActiveCfg = Release|x86
		{A0B807D9-FC80-4B92-91E6-891DB63FFFD0}.Release|x64.ActiveCfg = Release|x64
		{A0B807D9-FC80-4B92-91E6-891DB63FFFD0}.Release|x64.Build.0 = Release|x64
		{A0B807D9-FC80-4B92-91E6-891DB63FFFD0}.Release|x64.Deploy.0 = Release|x64
		{A0B807D9-FC80-4B92-91E6-891DB63FFFD0}.Release|x86.ActiveCfg = Release|x86
		{A0B807D9-FC80-4B92-91E6-891DB63FFFD0}.Release|x86.Build.0 = Release|x86
		{A0B807D9-FC80-4B92-91E6-891DB63FFFD0}.Release|x86.Deploy.0 = Release|x86
		{D4D74C91-A451-4393-828A-A78F675B4AD8}.Ad-Hoc|Any CPU.ActiveCfg = Debug|Any CPU
		{D4D74C91-A451-4393-828A-A78F675B4AD8}.Ad-Hoc|Any CPU.Build.0 = Debug|Any CPU
		{D4D74C91-A451-4393-828A-A78F675B4AD8}.Ad-Hoc|ARM.ActiveCfg = Debug|Any CPU
		{D4D74C91-A451-4393-828A-A78F675B4AD8}.Ad-Hoc|ARM.Build.0 = Debug|Any CPU
		{D4D74C91-A451-4393-828A-A78F675B4AD8}.Ad-Hoc|iPhone.ActiveCfg = Debug|Any CPU
		{D4D74C91-A451-4393-828A-A78F675B4AD8}.Ad-Hoc|iPhone.Build.0 = Debug|Any CPU
		{D4D74C91-A451-4393-828A-A78F675B4AD8}.Ad-Hoc|iPhoneSimulator.ActiveCfg = Debug|Any CPU
		{D4D74C91-A451-4393-828A-A78F675B4AD8}.Ad-Hoc|iPhoneSimulator.Build.0 = Debug|Any CPU
		{D4D74C91-A451-4393-828A-A78F675B4AD8}.Ad-Hoc|x64.ActiveCfg = Debug|Any CPU
		{D4D74C91-A451-4393-828A-A78F675B4AD8}.Ad-Hoc|x64.Build.0 = Debug|Any CPU
		{D4D74C91-A451-4393-828A-A78F675B4AD8}.Ad-Hoc|x86.ActiveCfg = Debug|Any CPU
		{D4D74C91-A451-4393-828A-A78F675B4AD8}.Ad-Hoc|x86.Build.0 = Debug|Any CPU
		{D4D74C91-A451-4393-828A-A78F675B4AD8}.AppStore|Any CPU.ActiveCfg = Debug|Any CPU
		{D4D74C91-A451-4393-828A-A78F675B4AD8}.AppStore|Any CPU.Build.0 = Debug|Any CPU
		{D4D74C91-A451-4393-828A-A78F675B4AD8}.AppStore|ARM.ActiveCfg = Debug|Any CPU
		{D4D74C91-A451-4393-828A-A78F675B4AD8}.AppStore|ARM.Build.0 = Debug|Any CPU
		{D4D74C91-A451-4393-828A-A78F675B4AD8}.AppStore|iPhone.ActiveCfg = Debug|Any CPU
		{D4D74C91-A451-4393-828A-A78F675B4AD8}.AppStore|iPhone.Build.0 = Debug|Any CPU
		{D4D74C91-A451-4393-828A-A78F675B4AD8}.AppStore|iPhoneSimulator.ActiveCfg = Debug|Any CPU
		{D4D74C91-A451-4393-828A-A78F675B4AD8}.AppStore|iPhoneSimulator.Build.0 = Debug|Any CPU
		{D4D74C91-A451-4393-828A-A78F675B4AD8}.AppStore|x64.ActiveCfg = Debug|Any CPU
		{D4D74C91-A451-4393-828A-A78F675B4AD8}.AppStore|x64.Build.0 = Debug|Any CPU
		{D4D74C91-A451-4393-828A-A78F675B4AD8}.AppStore|x86.ActiveCfg = Debug|Any CPU
		{D4D74C91-A451-4393-828A-A78F675B4AD8}.AppStore|x86.Build.0 = Debug|Any CPU
		{D4D74C91-A451-4393-828A-A78F675B4AD8}.Debug|Any CPU.ActiveCfg = Debug|Any CPU
		{D4D74C91-A451-4393-828A-A78F675B4AD8}.Debug|Any CPU.Build.0 = Debug|Any CPU
		{D4D74C91-A451-4393-828A-A78F675B4AD8}.Debug|ARM.ActiveCfg = Debug|Any CPU
		{D4D74C91-A451-4393-828A-A78F675B4AD8}.Debug|ARM.Build.0 = Debug|Any CPU
		{D4D74C91-A451-4393-828A-A78F675B4AD8}.Debug|iPhone.ActiveCfg = Debug|Any CPU
		{D4D74C91-A451-4393-828A-A78F675B4AD8}.Debug|iPhone.Build.0 = Debug|Any CPU
		{D4D74C91-A451-4393-828A-A78F675B4AD8}.Debug|iPhoneSimulator.ActiveCfg = Debug|Any CPU
		{D4D74C91-A451-4393-828A-A78F675B4AD8}.Debug|iPhoneSimulator.Build.0 = Debug|Any CPU
		{D4D74C91-A451-4393-828A-A78F675B4AD8}.Debug|x64.ActiveCfg = Debug|Any CPU
		{D4D74C91-A451-4393-828A-A78F675B4AD8}.Debug|x64.Build.0 = Debug|Any CPU
		{D4D74C91-A451-4393-828A-A78F675B4AD8}.Debug|x86.ActiveCfg = Debug|Any CPU
		{D4D74C91-A451-4393-828A-A78F675B4AD8}.Debug|x86.Build.0 = Debug|Any CPU
		{D4D74C91-A451-4393-828A-A78F675B4AD8}.Release|Any CPU.ActiveCfg = Release|Any CPU
		{D4D74C91-A451-4393-828A-A78F675B4AD8}.Release|Any CPU.Build.0 = Release|Any CPU
		{D4D74C91-A451-4393-828A-A78F675B4AD8}.Release|ARM.ActiveCfg = Release|Any CPU
		{D4D74C91-A451-4393-828A-A78F675B4AD8}.Release|ARM.Build.0 = Release|Any CPU
		{D4D74C91-A451-4393-828A-A78F675B4AD8}.Release|iPhone.ActiveCfg = Release|Any CPU
		{D4D74C91-A451-4393-828A-A78F675B4AD8}.Release|iPhone.Build.0 = Release|Any CPU
		{D4D74C91-A451-4393-828A-A78F675B4AD8}.Release|iPhoneSimulator.ActiveCfg = Release|Any CPU
		{D4D74C91-A451-4393-828A-A78F675B4AD8}.Release|iPhoneSimulator.Build.0 = Release|Any CPU
		{D4D74C91-A451-4393-828A-A78F675B4AD8}.Release|x64.ActiveCfg = Release|Any CPU
		{D4D74C91-A451-4393-828A-A78F675B4AD8}.Release|x64.Build.0 = Release|Any CPU
		{D4D74C91-A451-4393-828A-A78F675B4AD8}.Release|x86.ActiveCfg = Release|Any CPU
		{D4D74C91-A451-4393-828A-A78F675B4AD8}.Release|x86.Build.0 = Release|Any CPU
	EndGlobalSection
	GlobalSection(SolutionProperties) = preSolution
		HideSolutionNode = FALSE
	EndGlobalSection
	GlobalSection(ExtensibilityGlobals) = postSolution
		SolutionGuid = {553F79DE-14AB-4466-A8E0-E075F1D37685}
	EndGlobalSection
EndGlobal
